
Microsoft Visual Studio Solution File, Format Version 12.00
# Visual Studio Version 17
VisualStudioVersion = 17.2.32630.192
MinimumVisualStudioVersion = 10.0.40219.1
Project("{FAE04EC0-301F-11D3-BF4B-00C04F79EFBC}") = "timer", "timer\timer.csproj", "{76543021-E91C-4A5B-92F3-4B21AE14FC54}"
EndProject
Global
	GlobalSection(SolutionConfigurationPlatforms) = preSolution
		1|Any CPU = 1|Any CPU
		1|x64 = 1|x64
		Debug|Any CPU = Debug|Any CPU
		Debug|x64 = Debug|x64
		Release|Any CPU = Release|Any CPU
		Release|x64 = Release|x64
		Timer 1.0|Any CPU = Timer 1.0|Any CPU
		Timer 1.0|x64 = Timer 1.0|x64
	EndGlobalSection
	GlobalSection(ProjectConfigurationPlatforms) = postSolution
		{76543021-E91C-4A5B-92F3-4B21AE14FC54}.1|Any CPU.ActiveCfg = 1|Any CPU
		{76543021-E91C-4A5B-92F3-4B21AE14FC54}.1|Any CPU.Build.0 = 1|Any CPU
		{76543021-E91C-4A5B-92F3-4B21AE14FC54}.1|x64.ActiveCfg = 1|x64
		{76543021-E91C-4A5B-92F3-4B21AE14FC54}.1|x64.Build.0 = 1|x64
		{76543021-E91C-4A5B-92F3-4B21AE14FC54}.Debug|Any CPU.ActiveCfg = Debug|Any CPU
		{76543021-E91C-4A5B-92F3-4B21AE14FC54}.Debug|Any CPU.Build.0 = Debug|Any CPU
		{76543021-E91C-4A5B-92F3-4B21AE14FC54}.Debug|x64.ActiveCfg = Debug|x64
		{76543021-E91C-4A5B-92F3-4B21AE14FC54}.Debug|x64.Build.0 = Debug|x64
		{76543021-E91C-4A5B-92F3-4B21AE14FC54}.Release|Any CPU.ActiveCfg = Release|Any CPU
		{76543021-E91C-4A5B-92F3-4B21AE14FC54}.Release|Any CPU.Build.0 = Release|Any CPU
		{76543021-E91C-4A5B-92F3-4B21AE14FC54}.Release|x64.ActiveCfg = Release|x64
		{76543021-E91C-4A5B-92F3-4B21AE14FC54}.Release|x64.Build.0 = Release|x64
		{76543021-E91C-4A5B-92F3-4B21AE14FC54}.Timer 1.0|Any CPU.ActiveCfg = Timer 1.0|Any CPU
		{76543021-E91C-4A5B-92F3-4B21AE14FC54}.Timer 1.0|Any CPU.Build.0 = Timer 1.0|Any CPU
		{76543021-E91C-4A5B-92F3-4B21AE14FC54}.Timer 1.0|x64.ActiveCfg = Timer 1.0|x64
		{76543021-E91C-4A5B-92F3-4B21AE14FC54}.Timer 1.0|x64.Build.0 = Timer 1.0|x64
	EndGlobalSection
	GlobalSection(SolutionProperties) = preSolution
		HideSolutionNode = FALSE
	EndGlobalSection
	GlobalSection(ExtensibilityGlobals) = postSolution
		SolutionGuid = {40593E84-2CF6-418C-9893-53C2B3709D60}
	EndGlobalSection
EndGlobal
